
Microsoft Visual Studio Solution File, Format Version 12.00
# Visual Studio 15
VisualStudioVersion = 15.0.28307.168
MinimumVisualStudioVersion = 10.0.40219.1
Project("{8BC9CEB8-8B4A-11D0-8D11-00A0C91BC942}") = "MSBot", "MSBot\MSBot.vcxproj", "{89923BF1-7D99-4BAD-9B41-A3982113187E}"
EndProject
Global
	GlobalSection(SolutionConfigurationPlatforms) = preSolution
		Debug|x64 = Debug|x64
		Debug|x86 = Debug|x86
		Release|x64 = Release|x64
		Release|x86 = Release|x86
	EndGlobalSection
	GlobalSection(ProjectConfigurationPlatforms) = postSolution
		{89923BF1-7D99-4BAD-9B41-A3982113187E}.Debug|x64.ActiveCfg = Debug|x64
		{89923BF1-7D99-4BAD-9B41-A3982113187E}.Debug|x64.Build.0 = Debug|x64
		{89923BF1-7D99-4BAD-9B41-A3982113187E}.Debug|x86.ActiveCfg = Debug|Win32
		{89923BF1-7D99-4BAD-9B41-A3982113187E}.Debug|x86.Build.0 = Debug|Win32
		{89923BF1-7D99-4BAD-9B41-A3982113187E}.Release|x64.ActiveCfg = Release|x64
		{89923BF1-7D99-4BAD-9B41-A3982113187E}.Release|x64.Build.0 = Release|x64
		{89923BF1-7D99-4BAD-9B41-A3982113187E}.Release|x86.ActiveCfg = Release|Win32
		{89923BF1-7D99-4BAD-9B41-A3982113187E}.Release|x86.Build.0 = Release|Win32
	EndGlobalSection
	GlobalSection(SolutionProperties) = preSolution
		HideSolutionNode = FALSE
	EndGlobalSection
	GlobalSection(ExtensibilityGlobals) = postSolution
		SolutionGuid = {C712E19D-0A69-4086-9EB9-963513BDDC1C}
	EndGlobalSection
EndGlobal
